
Microsoft Visual Studio Solution File, Format Version 12.00
# Visual Studio Version 16
VisualStudioVersion = 16.0.29411.108
MinimumVisualStudioVersion = 10.0.40219.1
Project("{FAE04EC0-301F-11D3-BF4B-00C04F79EFBC}") = "BinaryClassification_SentimentAnalysis", "BinaryClassification_SentimentAnalysis\BinaryClassification_SentimentAnalysis.csproj", "{A7D8F360-5677-4EFE-A901-138F56EB295A}"
EndProject
Global
	GlobalSection(SolutionConfigurationPlatforms) = preSolution
		Debug|Any CPU = Debug|Any CPU
		Debug|x64 = Debug|x64
		Release|Any CPU = Release|Any CPU
		Release|x64 = Release|x64
	EndGlobalSection
	GlobalSection(ProjectConfigurationPlatforms) = postSolution
		{A7D8F360-5677-4EFE-A901-138F56EB295A}.Debug|Any CPU.ActiveCfg = Debug|Any CPU
		{A7D8F360-5677-4EFE-A901-138F56EB295A}.Debug|Any CPU.Build.0 = Debug|Any CPU
		{A7D8F360-5677-4EFE-A901-138F56EB295A}.Debug|x64.ActiveCfg = Debug|x64
		{A7D8F360-5677-4EFE-A901-138F56EB295A}.Debug|x64.Build.0 = Debug|x64
		{A7D8F360-5677-4EFE-A901-138F56EB295A}.Release|Any CPU.ActiveCfg = Release|Any CPU
		{A7D8F360-5677-4EFE-A901-138F56EB295A}.Release|Any CPU.Build.0 = Release|Any CPU
		{A7D8F360-5677-4EFE-A901-138F56EB295A}.Release|x64.ActiveCfg = Release|x64
		{A7D8F360-5677-4EFE-A901-138F56EB295A}.Release|x64.Build.0 = Release|x64
	EndGlobalSection
	GlobalSection(SolutionProperties) = preSolution
		HideSolutionNode = FALSE
	EndGlobalSection
	GlobalSection(ExtensibilityGlobals) = postSolution
		SolutionGuid = {04412C3F-27D8-4321-A1A2-1B43DDD685A3}
	EndGlobalSection
EndGlobal
